
Microsoft Visual Studio Solution File, Format Version 12.00
# Visual Studio 15
VisualStudioVersion = 15.0.28010.2050
MinimumVisualStudioVersion = 10.0.40219.1
Project("{FAE04EC0-301F-11D3-BF4B-00C04F79EFBC}") = "SampleFunctionApp", "SampleFunctionApp\SampleFunctionApp.csproj", "{E1D78487-B68F-45B0-B8F6-5CA6ECEC1699}"
EndProject
Global
	GlobalSection(SolutionConfigurationPlatforms) = preSolution
		Debug|Any CPU = Debug|Any CPU
		Release|Any CPU = Release|Any CPU
	EndGlobalSection
	GlobalSection(ProjectConfigurationPlatforms) = postSolution
		{E1D78487-B68F-45B0-B8F6-5CA6ECEC1699}.Debug|Any CPU.ActiveCfg = Debug|Any CPU
		{E1D78487-B68F-45B0-B8F6-5CA6ECEC1699}.Debug|Any CPU.Build.0 = Debug|Any CPU
		{E1D78487-B68F-45B0-B8F6-5CA6ECEC1699}.Release|Any CPU.ActiveCfg = Release|Any CPU
		{E1D78487-B68F-45B0-B8F6-5CA6ECEC1699}.Release|Any CPU.Build.0 = Release|Any CPU
	EndGlobalSection
	GlobalSection(SolutionProperties) = preSolution
		HideSolutionNode = FALSE
	EndGlobalSection
	GlobalSection(ExtensibilityGlobals) = postSolution
		SolutionGuid = {21C9CA61-13E8-4D24-9F53-4A2EE9CC156B}
	EndGlobalSection
EndGlobal
